// !$*UTF8*$!
{
	archiveVersion = 1;
	classes = {
	};
	objectVersion = 56;
	objects = {

/* Begin PBXBuildFile section */
		635C76BB2B5BEAD4008F7ACF /* CacheEntryObject.swift in Sources */ = {isa = PBXBuildFile; fileRef = 635C76BA2B5BEAD4008F7ACF /* CacheEntryObject.swift */; };
		635C76BD2B5BEBB7008F7ACF /* NSCache+Subscript.swift in Sources */ = {isa = PBXBuildFile; fileRef = 635C76BC2B5BEBB7008F7ACF /* NSCache+Subscript.swift */; };
		639DF4FE2B502A620012B194 /* HTTPDataDownloader.swift in Sources */ = {isa = PBXBuildFile; fileRef = 639DF4FD2B502A620012B194 /* HTTPDataDownloader.swift */; };
		639DF5002B502D050012B194 /* QuakeClient.swift in Sources */ = {isa = PBXBuildFile; fileRef = 639DF4FF2B502D050012B194 /* QuakeClient.swift */; };
		639DF5022B50302B0012B194 /* TestData.swift in Sources */ = {isa = PBXBuildFile; fileRef = 63FA33242B4FF76B00DBC9C5 /* TestData.swift */; };
		639DF5032B5030310012B194 /* TestData.swift in Sources */ = {isa = PBXBuildFile; fileRef = 63FA33242B4FF76B00DBC9C5 /* TestData.swift */; };
		639DF5052B5030980012B194 /* TestDownloader.swift in Sources */ = {isa = PBXBuildFile; fileRef = 639DF5042B5030980012B194 /* TestDownloader.swift */; };
		639DF5072B50347D0012B194 /* QuakesProvider.swift in Sources */ = {isa = PBXBuildFile; fileRef = 639DF5062B50347D0012B194 /* QuakesProvider.swift */; };
		639FD43A2B52827E005E178D /* Quake+Colors.swift in Sources */ = {isa = PBXBuildFile; fileRef = 639FD4392B52827E005E178D /* Quake+Colors.swift */; };
		639FD43E2B52839F005E178D /* DeleteButton.swift in Sources */ = {isa = PBXBuildFile; fileRef = 639FD43D2B52839F005E178D /* DeleteButton.swift */; };
		639FD4402B5284E5005E178D /* EditButton.swift in Sources */ = {isa = PBXBuildFile; fileRef = 639FD43F2B5284E5005E178D /* EditButton.swift */; };
		639FD4422B52864A005E178D /* RefreshButton.swift in Sources */ = {isa = PBXBuildFile; fileRef = 639FD4412B52864A005E178D /* RefreshButton.swift */; };
		639FD4442B528779005E178D /* SelectButton.swift in Sources */ = {isa = PBXBuildFile; fileRef = 639FD4432B528779005E178D /* SelectButton.swift */; };
		639FD4462B528B14005E178D /* ToolbarStatus.swift in Sources */ = {isa = PBXBuildFile; fileRef = 639FD4452B528B14005E178D /* ToolbarStatus.swift */; };
		639FD44A2B5291CB005E178D /* QuakeRow.swift in Sources */ = {isa = PBXBuildFile; fileRef = 639FD4492B5291CB005E178D /* QuakeRow.swift */; };
		639FD44C2B529266005E178D /* QuakeMagnitude.swift in Sources */ = {isa = PBXBuildFile; fileRef = 639FD44B2B529266005E178D /* QuakeMagnitude.swift */; };
		639FD44E2B5298F8005E178D /* Quakes.swift in Sources */ = {isa = PBXBuildFile; fileRef = 639FD44D2B5298F8005E178D /* Quakes.swift */; };
		63FA32F62B4FEBC700DBC9C5 /* QuakeApp.swift in Sources */ = {isa = PBXBuildFile; fileRef = 63FA32F52B4FEBC700DBC9C5 /* QuakeApp.swift */; };
		63FA32FA2B4FEBC900DBC9C5 /* Assets.xcassets in Resources */ = {isa = PBXBuildFile; fileRef = 63FA32F92B4FEBC900DBC9C5 /* Assets.xcassets */; };
		63FA32FD2B4FEBC900DBC9C5 /* Preview Assets.xcassets in Resources */ = {isa = PBXBuildFile; fileRef = 63FA32FC2B4FEBC900DBC9C5 /* Preview Assets.xcassets */; };
		63FA33072B4FEBC900DBC9C5 /* QuakeTests.swift in Sources */ = {isa = PBXBuildFile; fileRef = 63FA33062B4FEBC900DBC9C5 /* QuakeTests.swift */; };
		63FA33112B4FEBCA00DBC9C5 /* QuakeUITests.swift in Sources */ = {isa = PBXBuildFile; fileRef = 63FA33102B4FEBCA00DBC9C5 /* QuakeUITests.swift */; };
		63FA33132B4FEBCA00DBC9C5 /* QuakeUITestsLaunchTests.swift in Sources */ = {isa = PBXBuildFile; fileRef = 63FA33122B4FEBCA00DBC9C5 /* QuakeUITestsLaunchTests.swift */; };
		63FA33202B4FEF4A00DBC9C5 /* Quake.swift in Sources */ = {isa = PBXBuildFile; fileRef = 63FA331F2B4FEF4A00DBC9C5 /* Quake.swift */; };
		63FA33222B4FF3B800DBC9C5 /* QuakeError.swift in Sources */ = {isa = PBXBuildFile; fileRef = 63FA33212B4FF3B800DBC9C5 /* QuakeError.swift */; };
		63FA33272B50050C00DBC9C5 /* GeoJSON.swift in Sources */ = {isa = PBXBuildFile; fileRef = 63FA33262B50050C00DBC9C5 /* GeoJSON.swift */; };
		63FA33292B500E4D00DBC9C5 /* QuakeLocation.swift in Sources */ = {isa = PBXBuildFile; fileRef = 63FA33282B500E4D00DBC9C5 /* QuakeLocation.swift */; };
/* End PBXBuildFile section */

/* Begin PBXContainerItemProxy section */
		63FA33032B4FEBC900DBC9C5 /* PBXContainerItemProxy */ = {
			isa = PBXContainerItemProxy;
			containerPortal = 63FA32EA2B4FEBC700DBC9C5 /* Project object */;
			proxyType = 1;
			remoteGlobalIDString = 63FA32F12B4FEBC700DBC9C5;
			remoteInfo = Quake;
		};
		63FA330D2B4FEBCA00DBC9C5 /* PBXContainerItemProxy */ = {
			isa = PBXContainerItemProxy;
			containerPortal = 63FA32EA2B4FEBC700DBC9C5 /* Project object */;
			proxyType = 1;
			remoteGlobalIDString = 63FA32F12B4FEBC700DBC9C5;
			remoteInfo = Quake;
		};
/* End PBXContainerItemProxy section */

/* Begin PBXFileReference section */
		635C76BA2B5BEAD4008F7ACF /* CacheEntryObject.swift */ = {isa = PBXFileReference; lastKnownFileType = sourcecode.swift; path = CacheEntryObject.swift; sourceTree = "<group>"; };
		635C76BC2B5BEBB7008F7ACF /* NSCache+Subscript.swift */ = {isa = PBXFileReference; lastKnownFileType = sourcecode.swift; path = "NSCache+Subscript.swift"; sourceTree = "<group>"; };
		639DF4FD2B502A620012B194 /* HTTPDataDownloader.swift */ = {isa = PBXFileReference; lastKnownFileType = sourcecode.swift; path = HTTPDataDownloader.swift; sourceTree = "<group>"; };
		639DF4FF2B502D050012B194 /* QuakeClient.swift */ = {isa = PBXFileReference; lastKnownFileType = sourcecode.swift; path = QuakeClient.swift; sourceTree = "<group>"; };
		639DF5042B5030980012B194 /* TestDownloader.swift */ = {isa = PBXFileReference; lastKnownFileType = sourcecode.swift; path = TestDownloader.swift; sourceTree = "<group>"; };
		639DF5062B50347D0012B194 /* QuakesProvider.swift */ = {isa = PBXFileReference; lastKnownFileType = sourcecode.swift; path = QuakesProvider.swift; sourceTree = "<group>"; };
		639FD4392B52827E005E178D /* Quake+Colors.swift */ = {isa = PBXFileReference; lastKnownFileType = sourcecode.swift; path = "Quake+Colors.swift"; sourceTree = "<group>"; };
		639FD43D2B52839F005E178D /* DeleteButton.swift */ = {isa = PBXFileReference; lastKnownFileType = sourcecode.swift; path = DeleteButton.swift; sourceTree = "<group>"; };
		639FD43F2B5284E5005E178D /* EditButton.swift */ = {isa = PBXFileReference; lastKnownFileType = sourcecode.swift; path = EditButton.swift; sourceTree = "<group>"; };
		639FD4412B52864A005E178D /* RefreshButton.swift */ = {isa = PBXFileReference; lastKnownFileType = sourcecode.swift; path = RefreshButton.swift; sourceTree = "<group>"; };
		639FD4432B528779005E178D /* SelectButton.swift */ = {isa = PBXFileReference; lastKnownFileType = sourcecode.swift; path = SelectButton.swift; sourceTree = "<group>"; };
		639FD4452B528B14005E178D /* ToolbarStatus.swift */ = {isa = PBXFileReference; lastKnownFileType = sourcecode.swift; path = ToolbarStatus.swift; sourceTree = "<group>"; };
		639FD4492B5291CB005E178D /* QuakeRow.swift */ = {isa = PBXFileReference; lastKnownFileType = sourcecode.swift; path = QuakeRow.swift; sourceTree = "<group>"; };
		639FD44B2B529266005E178D /* QuakeMagnitude.swift */ = {isa = PBXFileReference; lastKnownFileType = sourcecode.swift; path = QuakeMagnitude.swift; sourceTree = "<group>"; };
		639FD44D2B5298F8005E178D /* Quakes.swift */ = {isa = PBXFileReference; lastKnownFileType = sourcecode.swift; path = Quakes.swift; sourceTree = "<group>"; };
		63FA32F22B4FEBC700DBC9C5 /* Quake.app */ = {isa = PBXFileReference; explicitFileType = wrapper.application; includeInIndex = 0; path = Quake.app; sourceTree = BUILT_PRODUCTS_DIR; };
		63FA32F52B4FEBC700DBC9C5 /* QuakeApp.swift */ = {isa = PBXFileReference; lastKnownFileType = sourcecode.swift; path = QuakeApp.swift; sourceTree = "<group>"; };
		63FA32F92B4FEBC900DBC9C5 /* Assets.xcassets */ = {isa = PBXFileReference; lastKnownFileType = folder.assetcatalog; path = Assets.xcassets; sourceTree = "<group>"; };
		63FA32FC2B4FEBC900DBC9C5 /* Preview Assets.xcassets */ = {isa = PBXFileReference; lastKnownFileType = folder.assetcatalog; path = "Preview Assets.xcassets"; sourceTree = "<group>"; };
		63FA33022B4FEBC900DBC9C5 /* QuakeTests.xctest */ = {isa = PBXFileReference; explicitFileType = wrapper.cfbundle; includeInIndex = 0; path = QuakeTests.xctest; sourceTree = BUILT_PRODUCTS_DIR; };
		63FA33062B4FEBC900DBC9C5 /* QuakeTests.swift */ = {isa = PBXFileReference; lastKnownFileType = sourcecode.swift; path = QuakeTests.swift; sourceTree = "<group>"; };
		63FA330C2B4FEBCA00DBC9C5 /* QuakeUITests.xctest */ = {isa = PBXFileReference; explicitFileType = wrapper.cfbundle; includeInIndex = 0; path = QuakeUITests.xctest; sourceTree = BUILT_PRODUCTS_DIR; };
		63FA33102B4FEBCA00DBC9C5 /* QuakeUITests.swift */ = {isa = PBXFileReference; lastKnownFileType = sourcecode.swift; path = QuakeUITests.swift; sourceTree = "<group>"; };
		63FA33122B4FEBCA00DBC9C5 /* QuakeUITestsLaunchTests.swift */ = {isa = PBXFileReference; lastKnownFileType = sourcecode.swift; path = QuakeUITestsLaunchTests.swift; sourceTree = "<group>"; };
		63FA331F2B4FEF4A00DBC9C5 /* Quake.swift */ = {isa = PBXFileReference; lastKnownFileType = sourcecode.swift; path = Quake.swift; sourceTree = "<group>"; };
		63FA33212B4FF3B800DBC9C5 /* QuakeError.swift */ = {isa = PBXFileReference; lastKnownFileType = sourcecode.swift; path = QuakeError.swift; sourceTree = "<group>"; };
		63FA33242B4FF76B00DBC9C5 /* TestData.swift */ = {isa = PBXFileReference; lastKnownFileType = sourcecode.swift; path = TestData.swift; sourceTree = "<group>"; };
		63FA33262B50050C00DBC9C5 /* GeoJSON.swift */ = {isa = PBXFileReference; lastKnownFileType = sourcecode.swift; path = GeoJSON.swift; sourceTree = "<group>"; };
		63FA33282B500E4D00DBC9C5 /* QuakeLocation.swift */ = {isa = PBXFileReference; lastKnownFileType = sourcecode.swift; path = QuakeLocation.swift; sourceTree = "<group>"; };
/* End PBXFileReference section */

/* Begin PBXFrameworksBuildPhase section */
		63FA32EF2B4FEBC700DBC9C5 /* Frameworks */ = {
			isa = PBXFrameworksBuildPhase;
			buildActionMask = 2147483647;
			files = (
			);
			runOnlyForDeploymentPostprocessing = 0;
		};
		63FA32FF2B4FEBC900DBC9C5 /* Frameworks */ = {
			isa = PBXFrameworksBuildPhase;
			buildActionMask = 2147483647;
			files = (
			);
			runOnlyForDeploymentPostprocessing = 0;
		};
		63FA33092B4FEBCA00DBC9C5 /* Frameworks */ = {
			isa = PBXFrameworksBuildPhase;
			buildActionMask = 2147483647;
			files = (
			);
			runOnlyForDeploymentPostprocessing = 0;
		};
/* End PBXFrameworksBuildPhase section */

/* Begin PBXGroup section */
		639DF5012B502D0B0012B194 /* Network */ = {
			isa = PBXGroup;
			children = (
				639DF4FD2B502A620012B194 /* HTTPDataDownloader.swift */,
				639DF4FF2B502D050012B194 /* QuakeClient.swift */,
			);
			path = Network;
			sourceTree = "<group>";
		};
		639DF5082B5034890012B194 /* View-Model */ = {
			isa = PBXGroup;
			children = (
				639DF5062B50347D0012B194 /* QuakesProvider.swift */,
			);
			path = "View-Model";
			sourceTree = "<group>";
		};
		639FD43B2B528310005E178D /* Views */ = {
			isa = PBXGroup;
			children = (
				639FD44D2B5298F8005E178D /* Quakes.swift */,
				639FD4492B5291CB005E178D /* QuakeRow.swift */,
				639FD44B2B529266005E178D /* QuakeMagnitude.swift */,
				639FD43C2B528382005E178D /* Toolbar Content */,
			);
			path = Views;
			sourceTree = "<group>";
		};
		639FD43C2B528382005E178D /* Toolbar Content */ = {
			isa = PBXGroup;
			children = (
				639FD43D2B52839F005E178D /* DeleteButton.swift */,
				639FD43F2B5284E5005E178D /* EditButton.swift */,
				639FD4412B52864A005E178D /* RefreshButton.swift */,
				639FD4432B528779005E178D /* SelectButton.swift */,
				639FD4452B528B14005E178D /* ToolbarStatus.swift */,
			);
			path = "Toolbar Content";
			sourceTree = "<group>";
		};
		63FA32E92B4FEBC700DBC9C5 = {
			isa = PBXGroup;
			children = (
				63FA32F42B4FEBC700DBC9C5 /* Quake */,
				63FA33052B4FEBC900DBC9C5 /* QuakeTests */,
				63FA330F2B4FEBCA00DBC9C5 /* QuakeUITests */,
				63FA32F32B4FEBC700DBC9C5 /* Products */,
			);
			sourceTree = "<group>";
		};
		63FA32F32B4FEBC700DBC9C5 /* Products */ = {
			isa = PBXGroup;
			children = (
				63FA32F22B4FEBC700DBC9C5 /* Quake.app */,
				63FA33022B4FEBC900DBC9C5 /* QuakeTests.xctest */,
				63FA330C2B4FEBCA00DBC9C5 /* QuakeUITests.xctest */,
			);
			name = Products;
			sourceTree = "<group>";
		};
		63FA32F42B4FEBC700DBC9C5 /* Quake */ = {
			isa = PBXGroup;
			children = (
				63FA32F52B4FEBC700DBC9C5 /* QuakeApp.swift */,
				63FA32F92B4FEBC900DBC9C5 /* Assets.xcassets */,
				63FA33232B4FF6D900DBC9C5 /* Model */,
				639DF5082B5034890012B194 /* View-Model */,
				639FD43B2B528310005E178D /* Views */,
				639DF5012B502D0B0012B194 /* Network */,
				63FA32FB2B4FEBC900DBC9C5 /* Preview Content */,
			);
			path = Quake;
			sourceTree = "<group>";
		};
		63FA32FB2B4FEBC900DBC9C5 /* Preview Content */ = {
			isa = PBXGroup;
			children = (
				63FA32FC2B4FEBC900DBC9C5 /* Preview Assets.xcassets */,
				63FA33242B4FF76B00DBC9C5 /* TestData.swift */,
				639DF5042B5030980012B194 /* TestDownloader.swift */,
			);
			path = "Preview Content";
			sourceTree = "<group>";
		};
		63FA33052B4FEBC900DBC9C5 /* QuakeTests */ = {
			isa = PBXGroup;
			children = (
				63FA33062B4FEBC900DBC9C5 /* QuakeTests.swift */,
			);
			path = QuakeTests;
			sourceTree = "<group>";
		};
		63FA330F2B4FEBCA00DBC9C5 /* QuakeUITests */ = {
			isa = PBXGroup;
			children = (
				63FA33102B4FEBCA00DBC9C5 /* QuakeUITests.swift */,
				63FA33122B4FEBCA00DBC9C5 /* QuakeUITestsLaunchTests.swift */,
			);
			path = QuakeUITests;
			sourceTree = "<group>";
		};
		63FA33232B4FF6D900DBC9C5 /* Model */ = {
			isa = PBXGroup;
			children = (
				63FA331F2B4FEF4A00DBC9C5 /* Quake.swift */,
				63FA33262B50050C00DBC9C5 /* GeoJSON.swift */,
				63FA33212B4FF3B800DBC9C5 /* QuakeError.swift */,
				63FA33282B500E4D00DBC9C5 /* QuakeLocation.swift */,
				639FD4392B52827E005E178D /* Quake+Colors.swift */,
				635C76BA2B5BEAD4008F7ACF /* CacheEntryObject.swift */,
				635C76BC2B5BEBB7008F7ACF /* NSCache+Subscript.swift */,
			);
			path = Model;
			sourceTree = "<group>";
		};
/* End PBXGroup section */

/* Begin PBXNativeTarget section */
		63FA32F12B4FEBC700DBC9C5 /* Quake */ = {
			isa = PBXNativeTarget;
			buildConfigurationList = 63FA33162B4FEBCA00DBC9C5 /* Build configuration list for PBXNativeTarget "Quake" */;
			buildPhases = (
				63FA32EE2B4FEBC700DBC9C5 /* Sources */,
				63FA32EF2B4FEBC700DBC9C5 /* Frameworks */,
				63FA32F02B4FEBC700DBC9C5 /* Resources */,
			);
			buildRules = (
			);
			dependencies = (
			);
			name = Quake;
			productName = Quake;
			productReference = 63FA32F22B4FEBC700DBC9C5 /* Quake.app */;
			productType = "com.apple.product-type.application";
		};
		63FA33012B4FEBC900DBC9C5 /* QuakeTests */ = {
			isa = PBXNativeTarget;
			buildConfigurationList = 63FA33192B4FEBCA00DBC9C5 /* Build configuration list for PBXNativeTarget "QuakeTests" */;
			buildPhases = (
				63FA32FE2B4FEBC900DBC9C5 /* Sources */,
				63FA32FF2B4FEBC900DBC9C5 /* Frameworks */,
				63FA33002B4FEBC900DBC9C5 /* Resources */,
			);
			buildRules = (
			);
			dependencies = (
				63FA33042B4FEBC900DBC9C5 /* PBXTargetDependency */,
			);
			name = QuakeTests;
			productName = QuakeTests;
			productReference = 63FA33022B4FEBC900DBC9C5 /* QuakeTests.xctest */;
			productType = "com.apple.product-type.bundle.unit-test";
		};
		63FA330B2B4FEBCA00DBC9C5 /* QuakeUITests */ = {
			isa = PBXNativeTarget;
			buildConfigurationList = 63FA331C2B4FEBCA00DBC9C5 /* Build configuration list for PBXNativeTarget "QuakeUITests" */;
			buildPhases = (
				63FA33082B4FEBCA00DBC9C5 /* Sources */,
				63FA33092B4FEBCA00DBC9C5 /* Frameworks */,
				63FA330A2B4FEBCA00DBC9C5 /* Resources */,
			);
			buildRules = (
			);
			dependencies = (
				63FA330E2B4FEBCA00DBC9C5 /* PBXTargetDependency */,
			);
			name = QuakeUITests;
			productName = QuakeUITests;
			productReference = 63FA330C2B4FEBCA00DBC9C5 /* QuakeUITests.xctest */;
			productType = "com.apple.product-type.bundle.ui-testing";
		};
/* End PBXNativeTarget section */

/* Begin PBXProject section */
		63FA32EA2B4FEBC700DBC9C5 /* Project object */ = {
			isa = PBXProject;
			attributes = {
				BuildIndependentTargetsInParallel = 1;
				LastSwiftUpdateCheck = 1510;
				LastUpgradeCheck = 1510;
				TargetAttributes = {
					63FA32F12B4FEBC700DBC9C5 = {
						CreatedOnToolsVersion = 15.1;
					};
					63FA33012B4FEBC900DBC9C5 = {
						CreatedOnToolsVersion = 15.1;
						TestTargetID = 63FA32F12B4FEBC700DBC9C5;
					};
					63FA330B2B4FEBCA00DBC9C5 = {
						CreatedOnToolsVersion = 15.1;
						TestTargetID = 63FA32F12B4FEBC700DBC9C5;
					};
				};
			};
			buildConfigurationList = 63FA32ED2B4FEBC700DBC9C5 /* Build configuration list for PBXProject "Quake" */;
			compatibilityVersion = "Xcode 14.0";
			developmentRegion = en;
			hasScannedForEncodings = 0;
			knownRegions = (
				en,
				Base,
			);
			mainGroup = 63FA32E92B4FEBC700DBC9C5;
			productRefGroup = 63FA32F32B4FEBC700DBC9C5 /* Products */;
			projectDirPath = "";
			projectRoot = "";
			targets = (
				63FA32F12B4FEBC700DBC9C5 /* Quake */,
				63FA33012B4FEBC900DBC9C5 /* QuakeTests */,
				63FA330B2B4FEBCA00DBC9C5 /* QuakeUITests */,
			);
		};
/* End PBXProject section */

/* Begin PBXResourcesBuildPhase section */
		63FA32F02B4FEBC700DBC9C5 /* Resources */ = {
			isa = PBXResourcesBuildPhase;
			buildActionMask = 2147483647;
			files = (
				63FA32FD2B4FEBC900DBC9C5 /* Preview Assets.xcassets in Resources */,
				63FA32FA2B4FEBC900DBC9C5 /* Assets.xcassets in Resources */,
			);
			runOnlyForDeploymentPostprocessing = 0;
		};
		63FA33002B4FEBC900DBC9C5 /* Resources */ = {
			isa = PBXResourcesBuildPhase;
			buildActionMask = 2147483647;
			files = (
			);
			runOnlyForDeploymentPostprocessing = 0;
		};
		63FA330A2B4FEBCA00DBC9C5 /* Resources */ = {
			isa = PBXResourcesBuildPhase;
			buildActionMask = 2147483647;
			files = (
			);
			runOnlyForDeploymentPostprocessing = 0;
		};
/* End PBXResourcesBuildPhase section */

/* Begin PBXSourcesBuildPhase section */
		63FA32EE2B4FEBC700DBC9C5 /* Sources */ = {
			isa = PBXSourcesBuildPhase;
			buildActionMask = 2147483647;
			files = (
				639DF5072B50347D0012B194 /* QuakesProvider.swift in Sources */,
				639FD43A2B52827E005E178D /* Quake+Colors.swift in Sources */,
				635C76BB2B5BEAD4008F7ACF /* CacheEntryObject.swift in Sources */,
				639FD44C2B529266005E178D /* QuakeMagnitude.swift in Sources */,
				639DF5022B50302B0012B194 /* TestData.swift in Sources */,
				639FD4462B528B14005E178D /* ToolbarStatus.swift in Sources */,
				63FA33272B50050C00DBC9C5 /* GeoJSON.swift in Sources */,
				639DF4FE2B502A620012B194 /* HTTPDataDownloader.swift in Sources */,
				639DF5002B502D050012B194 /* QuakeClient.swift in Sources */,
				63FA33222B4FF3B800DBC9C5 /* QuakeError.swift in Sources */,
				639FD4422B52864A005E178D /* RefreshButton.swift in Sources */,
				639FD44A2B5291CB005E178D /* QuakeRow.swift in Sources */,
				635C76BD2B5BEBB7008F7ACF /* NSCache+Subscript.swift in Sources */,
				63FA33292B500E4D00DBC9C5 /* QuakeLocation.swift in Sources */,
				639FD4442B528779005E178D /* SelectButton.swift in Sources */,
				639FD44E2B5298F8005E178D /* Quakes.swift in Sources */,
				639DF5052B5030980012B194 /* TestDownloader.swift in Sources */,
				639FD4402B5284E5005E178D /* EditButton.swift in Sources */,
				639FD43E2B52839F005E178D /* DeleteButton.swift in Sources */,
				63FA33202B4FEF4A00DBC9C5 /* Quake.swift in Sources */,
				63FA32F62B4FEBC700DBC9C5 /* QuakeApp.swift in Sources */,
			);
			runOnlyForDeploymentPostprocessing = 0;
		};
		63FA32FE2B4FEBC900DBC9C5 /* Sources */ = {
			isa = PBXSourcesBuildPhase;
			buildActionMask = 2147483647;
			files = (
				63FA33072B4FEBC900DBC9C5 /* QuakeTests.swift in Sources */,
				639DF5032B5030310012B194 /* TestData.swift in Sources */,
			);
			runOnlyForDeploymentPostprocessing = 0;
		};
		63FA33082B4FEBCA00DBC9C5 /* Sources */ = {
			isa = PBXSourcesBuildPhase;
			buildActionMask = 2147483647;
			files = (
				63FA33132B4FEBCA00DBC9C5 /* QuakeUITestsLaunchTests.swift in Sources */,
				63FA33112B4FEBCA00DBC9C5 /* QuakeUITests.swift in Sources */,
			);
			runOnlyForDeploymentPostprocessing = 0;
		};
/* End PBXSourcesBuildPhase section */

/* Begin PBXTargetDependency section */
		63FA33042B4FEBC900DBC9C5 /* PBXTargetDependency */ = {
			isa = PBXTargetDependency;
			target = 63FA32F12B4FEBC700DBC9C5 /* Quake */;
			targetProxy = 63FA33032B4FEBC900DBC9C5 /* PBXContainerItemProxy */;
		};
		63FA330E2B4FEBCA00DBC9C5 /* PBXTargetDependency */ = {
			isa = PBXTargetDependency;
			target = 63FA32F12B4FEBC700DBC9C5 /* Quake */;
			targetProxy = 63FA330D2B4FEBCA00DBC9C5 /* PBXContainerItemProxy */;
		};
/* End PBXTargetDependency section */

/* Begin XCBuildConfiguration section */
		63FA33142B4FEBCA00DBC9C5 /* Debug */ = {
			isa = XCBuildConfiguration;
			buildSettings = {
				ALWAYS_SEARCH_USER_PATHS = NO;
				ASSETCATALOG_COMPILER_GENERATE_SWIFT_ASSET_SYMBOL_EXTENSIONS = YES;
				CLANG_ANALYZER_NONNULL = YES;
				CLANG_ANALYZER_NUMBER_OBJECT_CONVERSION = YES_AGGRESSIVE;
				CLANG_CXX_LANGUAGE_STANDARD = "gnu++20";
				CLANG_ENABLE_MODULES = YES;
				CLANG_ENABLE_OBJC_ARC = YES;
				CLANG_ENABLE_OBJC_WEAK = YES;
				CLANG_WARN_BLOCK_CAPTURE_AUTORELEASING = YES;
				CLANG_WARN_BOOL_CONVERSION = YES;
				CLANG_WARN_COMMA = YES;
				CLANG_WARN_CONSTANT_CONVERSION = YES;
				CLANG_WARN_DEPRECATED_OBJC_IMPLEMENTATIONS = YES;
				CLANG_WARN_DIRECT_OBJC_ISA_USAGE = YES_ERROR;
				CLANG_WARN_DOCUMENTATION_COMMENTS = YES;
				CLANG_WARN_EMPTY_BODY = YES;
				CLANG_WARN_ENUM_CONVERSION = YES;
				CLANG_WARN_INFINITE_RECURSION = YES;
				CLANG_WARN_INT_CONVERSION = YES;
				CLANG_WARN_NON_LITERAL_NULL_CONVERSION = YES;
				CLANG_WARN_OBJC_IMPLICIT_RETAIN_SELF = YES;
				CLANG_WARN_OBJC_LITERAL_CONVERSION = YES;
				CLANG_WARN_OBJC_ROOT_CLASS = YES_ERROR;
				CLANG_WARN_QUOTED_INCLUDE_IN_FRAMEWORK_HEADER = YES;
				CLANG_WARN_RANGE_LOOP_ANALYSIS = YES;
				CLANG_WARN_STRICT_PROTOTYPES = YES;
				CLANG_WARN_SUSPICIOUS_MOVE = YES;
				CLANG_WARN_UNGUARDED_AVAILABILITY = YES_AGGRESSIVE;
				CLANG_WARN_UNREACHABLE_CODE = YES;
				CLANG_WARN__DUPLICATE_METHOD_MATCH = YES;
				COPY_PHASE_STRIP = NO;
				DEBUG_INFORMATION_FORMAT = dwarf;
				ENABLE_STRICT_OBJC_MSGSEND = YES;
				ENABLE_TESTABILITY = YES;
				ENABLE_USER_SCRIPT_SANDBOXING = YES;
				GCC_C_LANGUAGE_STANDARD = gnu17;
				GCC_DYNAMIC_NO_PIC = NO;
				GCC_NO_COMMON_BLOCKS = YES;
				GCC_OPTIMIZATION_LEVEL = 0;
				GCC_PREPROCESSOR_DEFINITIONS = (
					"DEBUG=1",
					"$(inherited)",
				);
				GCC_WARN_64_TO_32_BIT_CONVERSION = YES;
				GCC_WARN_ABOUT_RETURN_TYPE = YES_ERROR;
				GCC_WARN_UNDECLARED_SELECTOR = YES;
				GCC_WARN_UNINITIALIZED_AUTOS = YES_AGGRESSIVE;
				GCC_WARN_UNUSED_FUNCTION = YES;
				GCC_WARN_UNUSED_VARIABLE = YES;
				IPHONEOS_DEPLOYMENT_TARGET = 17.2;
				LOCALIZATION_PREFERS_STRING_CATALOGS = YES;
				MTL_ENABLE_DEBUG_INFO = INCLUDE_SOURCE;
				MTL_FAST_MATH = YES;
				ONLY_ACTIVE_ARCH = YES;
				SDKROOT = iphoneos;
				SWIFT_ACTIVE_COMPILATION_CONDITIONS = "DEBUG $(inherited)";
				SWIFT_OPTIMIZATION_LEVEL = "-Onone";
			};
			name = Debug;
		};
		63FA33152B4FEBCA00DBC9C5 /* Release */ = {
			isa = XCBuildConfiguration;
			buildSettings = {
				ALWAYS_SEARCH_USER_PATHS = NO;
				ASSETCATALOG_COMPILER_GENERATE_SWIFT_ASSET_SYMBOL_EXTENSIONS = YES;
				CLANG_ANALYZER_NONNULL = YES;
				CLANG_ANALYZER_NUMBER_OBJECT_CONVERSION = YES_AGGRESSIVE;
				CLANG_CXX_LANGUAGE_STANDARD = "gnu++20";
				CLANG_ENABLE_MODULES = YES;
				CLANG_ENABLE_OBJC_ARC = YES;
				CLANG_ENABLE_OBJC_WEAK = YES;
				CLANG_WARN_BLOCK_CAPTURE_AUTORELEASING = YES;
				CLANG_WARN_BOOL_CONVERSION = YES;
				CLANG_WARN_COMMA = YES;
				CLANG_WARN_CONSTANT_CONVERSION = YES;
				CLANG_WARN_DEPRECATED_OBJC_IMPLEMENTATIONS = YES;
				CLANG_WARN_DIRECT_OBJC_ISA_USAGE = YES_ERROR;
				CLANG_WARN_DOCUMENTATION_COMMENTS = YES;
				CLANG_WARN_EMPTY_BODY = YES;
				CLANG_WARN_ENUM_CONVERSION = YES;
				CLANG_WARN_INFINITE_RECURSION = YES;
				CLANG_WARN_INT_CONVERSION = YES;
				CLANG_WARN_NON_LITERAL_NULL_CONVERSION = YES;
				CLANG_WARN_OBJC_IMPLICIT_RETAIN_SELF = YES;
				CLANG_WARN_OBJC_LITERAL_CONVERSION = YES;
				CLANG_WARN_OBJC_ROOT_CLASS = YES_ERROR;
				CLANG_WARN_QUOTED_INCLUDE_IN_FRAMEWORK_HEADER = YES;
				CLANG_WARN_RANGE_LOOP_ANALYSIS = YES;
				CLANG_WARN_STRICT_PROTOTYPES = YES;
				CLANG_WARN_SUSPICIOUS_MOVE = YES;
				CLANG_WARN_UNGUARDED_AVAILABILITY = YES_AGGRESSIVE;
				CLANG_WARN_UNREACHABLE_CODE = YES;
				CLANG_WARN__DUPLICATE_METHOD_MATCH = YES;
				COPY_PHASE_STRIP = NO;
				DEBUG_INFORMATION_FORMAT = "dwarf-with-dsym";
				ENABLE_NS_ASSERTIONS = NO;
				ENABLE_STRICT_OBJC_MSGSEND = YES;
				ENABLE_USER_SCRIPT_SANDBOXING = YES;
				GCC_C_LANGUAGE_STANDARD = gnu17;
				GCC_NO_COMMON_BLOCKS = YES;
				GCC_WARN_64_TO_32_BIT_CONVERSION = YES;
				GCC_WARN_ABOUT_RETURN_TYPE = YES_ERROR;
				GCC_WARN_UNDECLARED_SELECTOR = YES;
				GCC_WARN_UNINITIALIZED_AUTOS = YES_AGGRESSIVE;
				GCC_WARN_UNUSED_FUNCTION = YES;
				GCC_WARN_UNUSED_VARIABLE = YES;
				IPHONEOS_DEPLOYMENT_TARGET = 17.2;
				LOCALIZATION_PREFERS_STRING_CATALOGS = YES;
				MTL_ENABLE_DEBUG_INFO = NO;
				MTL_FAST_MATH = YES;
				SDKROOT = iphoneos;
				SWIFT_COMPILATION_MODE = wholemodule;
				VALIDATE_PRODUCT = YES;
			};
			name = Release;
		};
		63FA33172B4FEBCA00DBC9C5 /* Debug */ = {
			isa = XCBuildConfiguration;
			buildSettings = {
				ASSETCATALOG_COMPILER_APPICON_NAME = AppIcon;
				ASSETCATALOG_COMPILER_GLOBAL_ACCENT_COLOR_NAME = AccentColor;
				CODE_SIGN_STYLE = Automatic;
				CURRENT_PROJECT_VERSION = 1;
				DEVELOPMENT_ASSET_PATHS = "\"Quake/Preview Content\"";
				DEVELOPMENT_TEAM = 4GT4BFW9QG;
				ENABLE_PREVIEWS = YES;
				GENERATE_INFOPLIST_FILE = YES;
				INFOPLIST_KEY_UIApplicationSceneManifest_Generation = YES;
				INFOPLIST_KEY_UIApplicationSupportsIndirectInputEvents = YES;
				INFOPLIST_KEY_UILaunchScreen_Generation = YES;
				INFOPLIST_KEY_UISupportedInterfaceOrientations_iPad = "UIInterfaceOrientationPortrait UIInterfaceOrientationPortraitUpsideDown UIInterfaceOrientationLandscapeLeft UIInterfaceOrientationLandscapeRight";
				INFOPLIST_KEY_UISupportedInterfaceOrientations_iPhone = "UIInterfaceOrientationPortrait UIInterfaceOrientationLandscapeLeft UIInterfaceOrientationLandscapeRight";
				LD_RUNPATH_SEARCH_PATHS = (
					"$(inherited)",
					"@executable_path/Frameworks",
				);
				MARKETING_VERSION = 1.0;
				PRODUCT_BUNDLE_IDENTIFIER = shehab.org.Quake;
				PRODUCT_NAME = "$(TARGET_NAME)";
				SWIFT_EMIT_LOC_STRINGS = YES;
				SWIFT_VERSION = 5.0;
				TARGETED_DEVICE_FAMILY = "1,2";
			};
			name = Debug;
		};
		63FA33182B4FEBCA00DBC9C5 /* Release */ = {
			isa = XCBuildConfiguration;
			buildSettings = {
				ASSETCATALOG_COMPILER_APPICON_NAME = AppIcon;
				ASSETCATALOG_COMPILER_GLOBAL_ACCENT_COLOR_NAME = AccentColor;
				CODE_SIGN_STYLE = Automatic;
				CURRENT_PROJECT_VERSION = 1;
				DEVELOPMENT_ASSET_PATHS = "\"Quake/Preview Content\"";
				DEVELOPMENT_TEAM = 4GT4BFW9QG;
				ENABLE_PREVIEWS = YES;
				GENERATE_INFOPLIST_FILE = YES;
				INFOPLIST_KEY_UIApplicationSceneManifest_Generation = YES;
				INFOPLIST_KEY_UIApplicationSupportsIndirectInputEvents = YES;
				INFOPLIST_KEY_UILaunchScreen_Generation = YES;
				INFOPLIST_KEY_UISupportedInterfaceOrientations_iPad = "UIInterfaceOrientationPortrait UIInterfaceOrientationPortraitUpsideDown UIInterfaceOrientationLandscapeLeft UIInterfaceOrientationLandscapeRight";
				INFOPLIST_KEY_UISupportedInterfaceOrientations_iPhone = "UIInterfaceOrientationPortrait UIInterfaceOrientationLandscapeLeft UIInterfaceOrientationLandscapeRight";
				LD_RUNPATH_SEARCH_PATHS = (
					"$(inherited)",
					"@executable_path/Frameworks",
				);
				MARKETING_VERSION = 1.0;
				PRODUCT_BUNDLE_IDENTIFIER = shehab.org.Quake;
				PRODUCT_NAME = "$(TARGET_NAME)";
				SWIFT_EMIT_LOC_STRINGS = YES;
				SWIFT_VERSION = 5.0;
				TARGETED_DEVICE_FAMILY = "1,2";
			};
			name = Release;
		};
		63FA331A2B4FEBCA00DBC9C5 /* Debug */ = {
			isa = XCBuildConfiguration;
			buildSettings = {
				ALWAYS_EMBED_SWIFT_STANDARD_LIBRARIES = YES;
				BUNDLE_LOADER = "$(TEST_HOST)";
				CODE_SIGN_STYLE = Automatic;
				CURRENT_PROJECT_VERSION = 1;
				DEVELOPMENT_TEAM = 4GT4BFW9QG;
				GENERATE_INFOPLIST_FILE = YES;
				IPHONEOS_DEPLOYMENT_TARGET = 17.2;
				MARKETING_VERSION = 1.0;
				PRODUCT_BUNDLE_IDENTIFIER = shehab.org.QuakeTests;
				PRODUCT_NAME = "$(TARGET_NAME)";
				SWIFT_EMIT_LOC_STRINGS = NO;
				SWIFT_VERSION = 5.0;
				TARGETED_DEVICE_FAMILY = "1,2";
				TEST_HOST = "$(BUILT_PRODUCTS_DIR)/Quake.app/$(BUNDLE_EXECUTABLE_FOLDER_PATH)/Quake";
			};
			name = Debug;
		};
		63FA331B2B4FEBCA00DBC9C5 /* Release */ = {
			isa = XCBuildConfiguration;
			buildSettings = {
				ALWAYS_EMBED_SWIFT_STANDARD_LIBRARIES = YES;
				BUNDLE_LOADER = "$(TEST_HOST)";
				CODE_SIGN_STYLE = Automatic;
				CURRENT_PROJECT_VERSION = 1;
				DEVELOPMENT_TEAM = 4GT4BFW9QG;
				GENERATE_INFOPLIST_FILE = YES;
				IPHONEOS_DEPLOYMENT_TARGET = 17.2;
				MARKETING_VERSION = 1.0;
				PRODUCT_BUNDLE_IDENTIFIER = shehab.org.QuakeTests;
				PRODUCT_NAME = "$(TARGET_NAME)";
				SWIFT_EMIT_LOC_STRINGS = NO;
				SWIFT_VERSION = 5.0;
				TARGETED_DEVICE_FAMILY = "1,2";
				TEST_HOST = "$(BUILT_PRODUCTS_DIR)/Quake.app/$(BUNDLE_EXECUTABLE_FOLDER_PATH)/Quake";
			};
			name = Release;
		};
		63FA331D2B4FEBCA00DBC9C5 /* Debug */ = {
			isa = XCBuildConfiguration;
			buildSettings = {
				ALWAYS_EMBED_SWIFT_STANDARD_LIBRARIES = YES;
				CODE_SIGN_STYLE = Automatic;
				CURRENT_PROJECT_VERSION = 1;
				DEVELOPMENT_TEAM = 4GT4BFW9QG;
				GENERATE_INFOPLIST_FILE = YES;
				IPHONEOS_DEPLOYMENT_TARGET = 16.0;
				MARKETING_VERSION = 1.0;
				PRODUCT_BUNDLE_IDENTIFIER = shehab.org.QuakeUITests;
				PRODUCT_NAME = "$(TARGET_NAME)";
				SWIFT_EMIT_LOC_STRINGS = NO;
				SWIFT_VERSION = 5.0;
				TARGETED_DEVICE_FAMILY = "1,2";
				TEST_TARGET_NAME = Quake;
			};
			name = Debug;
		};
		63FA331E2B4FEBCA00DBC9C5 /* Release */ = {
			isa = XCBuildConfiguration;
			buildSettings = {
				ALWAYS_EMBED_SWIFT_STANDARD_LIBRARIES = YES;
				CODE_SIGN_STYLE = Automatic;
				CURRENT_PROJECT_VERSION = 1;
				DEVELOPMENT_TEAM = 4GT4BFW9QG;
				GENERATE_INFOPLIST_FILE = YES;
				IPHONEOS_DEPLOYMENT_TARGET = 16.0;
				MARKETING_VERSION = 1.0;
				PRODUCT_BUNDLE_IDENTIFIER = shehab.org.QuakeUITests;
				PRODUCT_NAME = "$(TARGET_NAME)";
				SWIFT_EMIT_LOC_STRINGS = NO;
				SWIFT_VERSION = 5.0;
				TARGETED_DEVICE_FAMILY = "1,2";
				TEST_TARGET_NAME = Quake;
			};
			name = Release;
		};
/* End XCBuildConfiguration section */

/* Begin XCConfigurationList section */
		63FA32ED2B4FEBC700DBC9C5 /* Build configuration list for PBXProject "Quake" */ = {
			isa = XCConfigurationList;
			buildConfigurations = (
				63FA33142B4FEBCA00DBC9C5 /* Debug */,
				63FA33152B4FEBCA00DBC9C5 /* Release */,
			);
			defaultConfigurationIsVisible = 0;
			defaultConfigurationName = Release;
		};
		63FA33162B4FEBCA00DBC9C5 /* Build configuration list for PBXNativeTarget "Quake" */ = {
			isa = XCConfigurationList;
			buildConfigurations = (
				63FA33172B4FEBCA00DBC9C5 /* Debug */,
				63FA33182B4FEBCA00DBC9C5 /* Release */,
			);
			defaultConfigurationIsVisible = 0;
			defaultConfigurationName = Release;
		};
		63FA33192B4FEBCA00DBC9C5 /* Build configuration list for PBXNativeTarget "QuakeTests" */ = {
			isa = XCConfigurationList;
			buildConfigurations = (
				63FA331A2B4FEBCA00DBC9C5 /* Debug */,
				63FA331B2B4FEBCA00DBC9C5 /* Release */,
			);
			defaultConfigurationIsVisible = 0;
			defaultConfigurationName = Release;
		};
		63FA331C2B4FEBCA00DBC9C5 /* Build configuration list for PBXNativeTarget "QuakeUITests" */ = {
			isa = XCConfigurationList;
			buildConfigurations = (
				63FA331D2B4FEBCA00DBC9C5 /* Debug */,
				63FA331E2B4FEBCA00DBC9C5 /* Release */,
			);
			defaultConfigurationIsVisible = 0;
			defaultConfigurationName = Release;
		};
/* End XCConfigurationList section */
	};
	rootObject = 63FA32EA2B4FEBC700DBC9C5 /* Project object */;
}
